// !$*UTF8*$!
{
	archiveVersion = 1;
	classes = {
	};
	objectVersion = 56;
	objects = {

/* Begin PBXBuildFile section */
		956069C02C8F8347005EC85B /* VacationApp.swift in Sources */ = {isa = PBXBuildFile; fileRef = 956069BF2C8F8347005EC85B /* VacationApp.swift */; };
		956069C22C8F8347005EC85B /* ContentView.swift in Sources */ = {isa = PBXBuildFile; fileRef = 956069C12C8F8347005EC85B /* ContentView.swift */; };
		956069C42C8F8348005EC85B /* Assets.xcassets in Resources */ = {isa = PBXBuildFile; fileRef = 956069C32C8F8348005EC85B /* Assets.xcassets */; };
		956069C72C8F8348005EC85B /* Preview Assets.xcassets in Resources */ = {isa = PBXBuildFile; fileRef = 956069C62C8F8348005EC85B /* Preview Assets.xcassets */; };
		956069D12C8F8348005EC85B /* VacationTests.swift in Sources */ = {isa = PBXBuildFile; fileRef = 956069D02C8F8348005EC85B /* VacationTests.swift */; };
		956069DB2C8F8348005EC85B /* VacationUITests.swift in Sources */ = {isa = PBXBuildFile; fileRef = 956069DA2C8F8348005EC85B /* VacationUITests.swift */; };
		956069DD2C8F8348005EC85B /* VacationUITestsLaunchTests.swift in Sources */ = {isa = PBXBuildFile; fileRef = 956069DC2C8F8348005EC85B /* VacationUITestsLaunchTests.swift */; };
		956069EB2C8F846F005EC85B /* Offer.swift in Sources */ = {isa = PBXBuildFile; fileRef = 956069EA2C8F846F005EC85B /* Offer.swift */; };
		956069EE2C8F86E3005EC85B /* OfferViewModel.swift in Sources */ = {isa = PBXBuildFile; fileRef = 956069ED2C8F86E3005EC85B /* OfferViewModel.swift */; };
		956069F62C922EAD005EC85B /* ReserveButton.swift in Sources */ = {isa = PBXBuildFile; fileRef = 956069F52C922EAD005EC85B /* ReserveButton.swift */; };
		956069F82C924296005EC85B /* LikeButton.swift in Sources */ = {isa = PBXBuildFile; fileRef = 956069F72C924296005EC85B /* LikeButton.swift */; };
		956069FC2C938037005EC85B /* CustomBar.swift in Sources */ = {isa = PBXBuildFile; fileRef = 956069FB2C938037005EC85B /* CustomBar.swift */; };
		95606A002C93B16B005EC85B /* IconButton.swift in Sources */ = {isa = PBXBuildFile; fileRef = 956069FF2C93B16B005EC85B /* IconButton.swift */; };
/* End PBXBuildFile section */

/* Begin PBXContainerItemProxy section */
		956069CD2C8F8348005EC85B /* PBXContainerItemProxy */ = {
			isa = PBXContainerItemProxy;
			containerPortal = 956069B42C8F8347005EC85B /* Project object */;
			proxyType = 1;
			remoteGlobalIDString = 956069BB2C8F8347005EC85B;
			remoteInfo = Vacation;
		};
		956069D72C8F8348005EC85B /* PBXContainerItemProxy */ = {
			isa = PBXContainerItemProxy;
			containerPortal = 956069B42C8F8347005EC85B /* Project object */;
			proxyType = 1;
			remoteGlobalIDString = 956069BB2C8F8347005EC85B;
			remoteInfo = Vacation;
		};
/* End PBXContainerItemProxy section */

/* Begin PBXFileReference section */
		956069BC2C8F8347005EC85B /* Vacation.app */ = {isa = PBXFileReference; explicitFileType = wrapper.application; includeInIndex = 0; path = Vacation.app; sourceTree = BUILT_PRODUCTS_DIR; };
		956069BF2C8F8347005EC85B /* VacationApp.swift */ = {isa = PBXFileReference; lastKnownFileType = sourcecode.swift; path = VacationApp.swift; sourceTree = "<group>"; };
		956069C12C8F8347005EC85B /* ContentView.swift */ = {isa = PBXFileReference; lastKnownFileType = sourcecode.swift; path = ContentView.swift; sourceTree = "<group>"; };
		956069C32C8F8348005EC85B /* Assets.xcassets */ = {isa = PBXFileReference; lastKnownFileType = folder.assetcatalog; path = Assets.xcassets; sourceTree = "<group>"; };
		956069C62C8F8348005EC85B /* Preview Assets.xcassets */ = {isa = PBXFileReference; lastKnownFileType = folder.assetcatalog; path = "Preview Assets.xcassets"; sourceTree = "<group>"; };
		956069CC2C8F8348005EC85B /* VacationTests.xctest */ = {isa = PBXFileReference; explicitFileType = wrapper.cfbundle; includeInIndex = 0; path = VacationTests.xctest; sourceTree = BUILT_PRODUCTS_DIR; };
		956069D02C8F8348005EC85B /* VacationTests.swift */ = {isa = PBXFileReference; lastKnownFileType = sourcecode.swift; path = VacationTests.swift; sourceTree = "<group>"; };
		956069D62C8F8348005EC85B /* VacationUITests.xctest */ = {isa = PBXFileReference; explicitFileType = wrapper.cfbundle; includeInIndex = 0; path = VacationUITests.xctest; sourceTree = BUILT_PRODUCTS_DIR; };
		956069DA2C8F8348005EC85B /* VacationUITests.swift */ = {isa = PBXFileReference; lastKnownFileType = sourcecode.swift; path = VacationUITests.swift; sourceTree = "<group>"; };
		956069DC2C8F8348005EC85B /* VacationUITestsLaunchTests.swift */ = {isa = PBXFileReference; lastKnownFileType = sourcecode.swift; path = VacationUITestsLaunchTests.swift; sourceTree = "<group>"; };
		956069EA2C8F846F005EC85B /* Offer.swift */ = {isa = PBXFileReference; lastKnownFileType = sourcecode.swift; path = Offer.swift; sourceTree = "<group>"; };
		956069ED2C8F86E3005EC85B /* OfferViewModel.swift */ = {isa = PBXFileReference; lastKnownFileType = sourcecode.swift; path = OfferViewModel.swift; sourceTree = "<group>"; };
		956069F52C922EAD005EC85B /* ReserveButton.swift */ = {isa = PBXFileReference; lastKnownFileType = sourcecode.swift; path = ReserveButton.swift; sourceTree = "<group>"; };
		956069F72C924296005EC85B /* LikeButton.swift */ = {isa = PBXFileReference; lastKnownFileType = sourcecode.swift; path = LikeButton.swift; sourceTree = "<group>"; };
		956069FB2C938037005EC85B /* CustomBar.swift */ = {isa = PBXFileReference; lastKnownFileType = sourcecode.swift; path = CustomBar.swift; sourceTree = "<group>"; };
		956069FF2C93B16B005EC85B /* IconButton.swift */ = {isa = PBXFileReference; lastKnownFileType = sourcecode.swift; path = IconButton.swift; sourceTree = "<group>"; };
/* End PBXFileReference section */

/* Begin PBXFrameworksBuildPhase section */
		956069B92C8F8347005EC85B /* Frameworks */ = {
			isa = PBXFrameworksBuildPhase;
			buildActionMask = 2147483647;
			files = (
			);
			runOnlyForDeploymentPostprocessing = 0;
		};
		956069C92C8F8348005EC85B /* Frameworks */ = {
			isa = PBXFrameworksBuildPhase;
			buildActionMask = 2147483647;
			files = (
			);
			runOnlyForDeploymentPostprocessing = 0;
		};
		956069D32C8F8348005EC85B /* Frameworks */ = {
			isa = PBXFrameworksBuildPhase;
			buildActionMask = 2147483647;
			files = (
			);
			runOnlyForDeploymentPostprocessing = 0;
		};
/* End PBXFrameworksBuildPhase section */

/* Begin PBXGroup section */
		956069B32C8F8347005EC85B = {
			isa = PBXGroup;
			children = (
				956069BE2C8F8347005EC85B /* Vacation */,
				956069CF2C8F8348005EC85B /* VacationTests */,
				956069D92C8F8348005EC85B /* VacationUITests */,
				956069BD2C8F8347005EC85B /* Products */,
			);
			sourceTree = "<group>";
		};
		956069BD2C8F8347005EC85B /* Products */ = {
			isa = PBXGroup;
			children = (
				956069BC2C8F8347005EC85B /* Vacation.app */,
				956069CC2C8F8348005EC85B /* VacationTests.xctest */,
				956069D62C8F8348005EC85B /* VacationUITests.xctest */,
			);
			name = Products;
			sourceTree = "<group>";
		};
		956069BE2C8F8347005EC85B /* Vacation */ = {
			isa = PBXGroup;
			children = (
				956069F42C922E8B005EC85B /* Views */,
				956069EC2C8F86BD005EC85B /* ViewModels */,
				956069E92C8F8460005EC85B /* Models */,
				956069BF2C8F8347005EC85B /* VacationApp.swift */,
				956069C12C8F8347005EC85B /* ContentView.swift */,
				956069C32C8F8348005EC85B /* Assets.xcassets */,
				956069C52C8F8348005EC85B /* Preview Content */,
			);
			path = Vacation;
			sourceTree = "<group>";
		};
		956069C52C8F8348005EC85B /* Preview Content */ = {
			isa = PBXGroup;
			children = (
				956069C62C8F8348005EC85B /* Preview Assets.xcassets */,
			);
			path = "Preview Content";
			sourceTree = "<group>";
		};
		956069CF2C8F8348005EC85B /* VacationTests */ = {
			isa = PBXGroup;
			children = (
				956069D02C8F8348005EC85B /* VacationTests.swift */,
			);
			path = VacationTests;
			sourceTree = "<group>";
		};
		956069D92C8F8348005EC85B /* VacationUITests */ = {
			isa = PBXGroup;
			children = (
				956069DA2C8F8348005EC85B /* VacationUITests.swift */,
				956069DC2C8F8348005EC85B /* VacationUITestsLaunchTests.swift */,
			);
			path = VacationUITests;
			sourceTree = "<group>";
		};
		956069E92C8F8460005EC85B /* Models */ = {
			isa = PBXGroup;
			children = (
				956069EA2C8F846F005EC85B /* Offer.swift */,
			);
			path = Models;
			sourceTree = "<group>";
		};
		956069EC2C8F86BD005EC85B /* ViewModels */ = {
			isa = PBXGroup;
			children = (
				956069ED2C8F86E3005EC85B /* OfferViewModel.swift */,
			);
			path = ViewModels;
			sourceTree = "<group>";
		};
		956069F42C922E8B005EC85B /* Views */ = {
			isa = PBXGroup;
			children = (
				956069F52C922EAD005EC85B /* ReserveButton.swift */,
				956069F72C924296005EC85B /* LikeButton.swift */,
				956069FB2C938037005EC85B /* CustomBar.swift */,
				956069FF2C93B16B005EC85B /* IconButton.swift */,
			);
			path = Views;
			sourceTree = "<group>";
		};
/* End PBXGroup section */

/* Begin PBXNativeTarget section */
		956069BB2C8F8347005EC85B /* Vacation */ = {
			isa = PBXNativeTarget;
			buildConfigurationList = 956069E02C8F8348005EC85B /* Build configuration list for PBXNativeTarget "Vacation" */;
			buildPhases = (
				956069B82C8F8347005EC85B /* Sources */,
				956069B92C8F8347005EC85B /* Frameworks */,
				956069BA2C8F8347005EC85B /* Resources */,
			);
			buildRules = (
			);
			dependencies = (
			);
			name = Vacation;
			productName = Vacation;
			productReference = 956069BC2C8F8347005EC85B /* Vacation.app */;
			productType = "com.apple.product-type.application";
		};
		956069CB2C8F8348005EC85B /* VacationTests */ = {
			isa = PBXNativeTarget;
			buildConfigurationList = 956069E32C8F8348005EC85B /* Build configuration list for PBXNativeTarget "VacationTests" */;
			buildPhases = (
				956069C82C8F8348005EC85B /* Sources */,
				956069C92C8F8348005EC85B /* Frameworks */,
				956069CA2C8F8348005EC85B /* Resources */,
			);
			buildRules = (
			);
			dependencies = (
				956069CE2C8F8348005EC85B /* PBXTargetDependency */,
			);
			name = VacationTests;
			productName = VacationTests;
			productReference = 956069CC2C8F8348005EC85B /* VacationTests.xctest */;
			productType = "com.apple.product-type.bundle.unit-test";
		};
		956069D52C8F8348005EC85B /* VacationUITests */ = {
			isa = PBXNativeTarget;
			buildConfigurationList = 956069E62C8F8348005EC85B /* Build configuration list for PBXNativeTarget "VacationUITests" */;
			buildPhases = (
				956069D22C8F8348005EC85B /* Sources */,
				956069D32C8F8348005EC85B /* Frameworks */,
				956069D42C8F8348005EC85B /* Resources */,
			);
			buildRules = (
			);
			dependencies = (
				956069D82C8F8348005EC85B /* PBXTargetDependency */,
			);
			name = VacationUITests;
			productName = VacationUITests;
			productReference = 956069D62C8F8348005EC85B /* VacationUITests.xctest */;
			productType = "com.apple.product-type.bundle.ui-testing";
		};
/* End PBXNativeTarget section */

/* Begin PBXProject section */
		956069B42C8F8347005EC85B /* Project object */ = {
			isa = PBXProject;
			attributes = {
				BuildIndependentTargetsInParallel = 1;
				LastSwiftUpdateCheck = 1540;
				LastUpgradeCheck = 1540;
				TargetAttributes = {
					956069BB2C8F8347005EC85B = {
						CreatedOnToolsVersion = 15.4;
					};
					956069CB2C8F8348005EC85B = {
						CreatedOnToolsVersion = 15.4;
						TestTargetID = 956069BB2C8F8347005EC85B;
					};
					956069D52C8F8348005EC85B = {
						CreatedOnToolsVersion = 15.4;
						TestTargetID = 956069BB2C8F8347005EC85B;
					};
				};
			};
			buildConfigurationList = 956069B72C8F8347005EC85B /* Build configuration list for PBXProject "Vacation" */;
			compatibilityVersion = "Xcode 14.0";
			developmentRegion = en;
			hasScannedForEncodings = 0;
			knownRegions = (
				en,
				Base,
			);
			mainGroup = 956069B32C8F8347005EC85B;
			productRefGroup = 956069BD2C8F8347005EC85B /* Products */;
			projectDirPath = "";
			projectRoot = "";
			targets = (
				956069BB2C8F8347005EC85B /* Vacation */,
				956069CB2C8F8348005EC85B /* VacationTests */,
				956069D52C8F8348005EC85B /* VacationUITests */,
			);
		};
/* End PBXProject section */

/* Begin PBXResourcesBuildPhase section */
		956069BA2C8F8347005EC85B /* Resources */ = {
			isa = PBXResourcesBuildPhase;
			buildActionMask = 2147483647;
			files = (
				956069C72C8F8348005EC85B /* Preview Assets.xcassets in Resources */,
				956069C42C8F8348005EC85B /* Assets.xcassets in Resources */,
			);
			runOnlyForDeploymentPostprocessing = 0;
		};
		956069CA2C8F8348005EC85B /* Resources */ = {
			isa = PBXResourcesBuildPhase;
			buildActionMask = 2147483647;
			files = (
			);
			runOnlyForDeploymentPostprocessing = 0;
		};
		956069D42C8F8348005EC85B /* Resources */ = {
			isa = PBXResourcesBuildPhase;
			buildActionMask = 2147483647;
			files = (
			);
			runOnlyForDeploymentPostprocessing = 0;
		};
/* End PBXResourcesBuildPhase section */

/* Begin PBXSourcesBuildPhase section */
		956069B82C8F8347005EC85B /* Sources */ = {
			isa = PBXSourcesBuildPhase;
			buildActionMask = 2147483647;
			files = (
				95606A002C93B16B005EC85B /* IconButton.swift in Sources */,
				956069F82C924296005EC85B /* LikeButton.swift in Sources */,
				956069EB2C8F846F005EC85B /* Offer.swift in Sources */,
				956069FC2C938037005EC85B /* CustomBar.swift in Sources */,
				956069EE2C8F86E3005EC85B /* OfferViewModel.swift in Sources */,
				956069C22C8F8347005EC85B /* ContentView.swift in Sources */,
				956069C02C8F8347005EC85B /* VacationApp.swift in Sources */,
				956069F62C922EAD005EC85B /* ReserveButton.swift in Sources */,
			);
			runOnlyForDeploymentPostprocessing = 0;
		};
		956069C82C8F8348005EC85B /* Sources */ = {
			isa = PBXSourcesBuildPhase;
			buildActionMask = 2147483647;
			files = (
				956069D12C8F8348005EC85B /* VacationTests.swift in Sources */,
			);
			runOnlyForDeploymentPostprocessing = 0;
		};
		956069D22C8F8348005EC85B /* Sources */ = {
			isa = PBXSourcesBuildPhase;
			buildActionMask = 2147483647;
			files = (
				956069DD2C8F8348005EC85B /* VacationUITestsLaunchTests.swift in Sources */,
				956069DB2C8F8348005EC85B /* VacationUITests.swift in Sources */,
			);
			runOnlyForDeploymentPostprocessing = 0;
		};
/* End PBXSourcesBuildPhase section */

/* Begin PBXTargetDependency section */
		956069CE2C8F8348005EC85B /* PBXTargetDependency */ = {
			isa = PBXTargetDependency;
			target = 956069BB2C8F8347005EC85B /* Vacation */;
			targetProxy = 956069CD2C8F8348005EC85B /* PBXContainerItemProxy */;
		};
		956069D82C8F8348005EC85B /* PBXTargetDependency */ = {
			isa = PBXTargetDependency;
			target = 956069BB2C8F8347005EC85B /* Vacation */;
			targetProxy = 956069D72C8F8348005EC85B /* PBXContainerItemProxy */;
		};
/* End PBXTargetDependency section */

/* Begin XCBuildConfiguration section */
		956069DE2C8F8348005EC85B /* Debug */ = {
			isa = XCBuildConfiguration;
			buildSettings = {
				ALWAYS_SEARCH_USER_PATHS = NO;
				ASSETCATALOG_COMPILER_GENERATE_SWIFT_ASSET_SYMBOL_EXTENSIONS = YES;
				CLANG_ANALYZER_NONNULL = YES;
				CLANG_ANALYZER_NUMBER_OBJECT_CONVERSION = YES_AGGRESSIVE;
				CLANG_CXX_LANGUAGE_STANDARD = "gnu++20";
				CLANG_ENABLE_MODULES = YES;
				CLANG_ENABLE_OBJC_ARC = YES;
				CLANG_ENABLE_OBJC_WEAK = YES;
				CLANG_WARN_BLOCK_CAPTURE_AUTORELEASING = YES;
				CLANG_WARN_BOOL_CONVERSION = YES;
				CLANG_WARN_COMMA = YES;
				CLANG_WARN_CONSTANT_CONVERSION = YES;
				CLANG_WARN_DEPRECATED_OBJC_IMPLEMENTATIONS = YES;
				CLANG_WARN_DIRECT_OBJC_ISA_USAGE = YES_ERROR;
				CLANG_WARN_DOCUMENTATION_COMMENTS = YES;
				CLANG_WARN_EMPTY_BODY = YES;
				CLANG_WARN_ENUM_CONVERSION = YES;
				CLANG_WARN_INFINITE_RECURSION = YES;
				CLANG_WARN_INT_CONVERSION = YES;
				CLANG_WARN_NON_LITERAL_NULL_CONVERSION = YES;
				CLANG_WARN_OBJC_IMPLICIT_RETAIN_SELF = YES;
				CLANG_WARN_OBJC_LITERAL_CONVERSION = YES;
				CLANG_WARN_OBJC_ROOT_CLASS = YES_ERROR;
				CLANG_WARN_QUOTED_INCLUDE_IN_FRAMEWORK_HEADER = YES;
				CLANG_WARN_RANGE_LOOP_ANALYSIS = YES;
				CLANG_WARN_STRICT_PROTOTYPES = YES;
				CLANG_WARN_SUSPICIOUS_MOVE = YES;
				CLANG_WARN_UNGUARDED_AVAILABILITY = YES_AGGRESSIVE;
				CLANG_WARN_UNREACHABLE_CODE = YES;
				CLANG_WARN__DUPLICATE_METHOD_MATCH = YES;
				COPY_PHASE_STRIP = NO;
				DEBUG_INFORMATION_FORMAT = dwarf;
				ENABLE_STRICT_OBJC_MSGSEND = YES;
				ENABLE_TESTABILITY = YES;
				ENABLE_USER_SCRIPT_SANDBOXING = YES;
				GCC_C_LANGUAGE_STANDARD = gnu17;
				GCC_DYNAMIC_NO_PIC = NO;
				GCC_NO_COMMON_BLOCKS = YES;
				GCC_OPTIMIZATION_LEVEL = 0;
				GCC_PREPROCESSOR_DEFINITIONS = (
					"DEBUG=1",
					"$(inherited)",
				);
				GCC_WARN_64_TO_32_BIT_CONVERSION = YES;
				GCC_WARN_ABOUT_RETURN_TYPE = YES_ERROR;
				GCC_WARN_UNDECLARED_SELECTOR = YES;
				GCC_WARN_UNINITIALIZED_AUTOS = YES_AGGRESSIVE;
				GCC_WARN_UNUSED_FUNCTION = YES;
				GCC_WARN_UNUSED_VARIABLE = YES;
				IPHONEOS_DEPLOYMENT_TARGET = 17.5;
				LOCALIZATION_PREFERS_STRING_CATALOGS = YES;
				MTL_ENABLE_DEBUG_INFO = INCLUDE_SOURCE;
				MTL_FAST_MATH = YES;
				ONLY_ACTIVE_ARCH = YES;
				SDKROOT = iphoneos;
				SWIFT_ACTIVE_COMPILATION_CONDITIONS = "DEBUG $(inherited)";
				SWIFT_OPTIMIZATION_LEVEL = "-Onone";
			};
			name = Debug;
		};
		956069DF2C8F8348005EC85B /* Release */ = {
			isa = XCBuildConfiguration;
			buildSettings = {
				ALWAYS_SEARCH_USER_PATHS = NO;
				ASSETCATALOG_COMPILER_GENERATE_SWIFT_ASSET_SYMBOL_EXTENSIONS = YES;
				CLANG_ANALYZER_NONNULL = YES;
				CLANG_ANALYZER_NUMBER_OBJECT_CONVERSION = YES_AGGRESSIVE;
				CLANG_CXX_LANGUAGE_STANDARD = "gnu++20";
				CLANG_ENABLE_MODULES = YES;
				CLANG_ENABLE_OBJC_ARC = YES;
				CLANG_ENABLE_OBJC_WEAK = YES;
				CLANG_WARN_BLOCK_CAPTURE_AUTORELEASING = YES;
				CLANG_WARN_BOOL_CONVERSION = YES;
				CLANG_WARN_COMMA = YES;
				CLANG_WARN_CONSTANT_CONVERSION = YES;
				CLANG_WARN_DEPRECATED_OBJC_IMPLEMENTATIONS = YES;
				CLANG_WARN_DIRECT_OBJC_ISA_USAGE = YES_ERROR;
				CLANG_WARN_DOCUMENTATION_COMMENTS = YES;
				CLANG_WARN_EMPTY_BODY = YES;
				CLANG_WARN_ENUM_CONVERSION = YES;
				CLANG_WARN_INFINITE_RECURSION = YES;
				CLANG_WARN_INT_CONVERSION = YES;
				CLANG_WARN_NON_LITERAL_NULL_CONVERSION = YES;
				CLANG_WARN_OBJC_IMPLICIT_RETAIN_SELF = YES;
				CLANG_WARN_OBJC_LITERAL_CONVERSION = YES;
				CLANG_WARN_OBJC_ROOT_CLASS = YES_ERROR;
				CLANG_WARN_QUOTED_INCLUDE_IN_FRAMEWORK_HEADER = YES;
				CLANG_WARN_RANGE_LOOP_ANALYSIS = YES;
				CLANG_WARN_STRICT_PROTOTYPES = YES;
				CLANG_WARN_SUSPICIOUS_MOVE = YES;
				CLANG_WARN_UNGUARDED_AVAILABILITY = YES_AGGRESSIVE;
				CLANG_WARN_UNREACHABLE_CODE = YES;
				CLANG_WARN__DUPLICATE_METHOD_MATCH = YES;
				COPY_PHASE_STRIP = NO;
				DEBUG_INFORMATION_FORMAT = "dwarf-with-dsym";
				ENABLE_NS_ASSERTIONS = NO;
				ENABLE_STRICT_OBJC_MSGSEND = YES;
				ENABLE_USER_SCRIPT_SANDBOXING = YES;
				GCC_C_LANGUAGE_STANDARD = gnu17;
				GCC_NO_COMMON_BLOCKS = YES;
				GCC_WARN_64_TO_32_BIT_CONVERSION = YES;
				GCC_WARN_ABOUT_RETURN_TYPE = YES_ERROR;
				GCC_WARN_UNDECLARED_SELECTOR = YES;
				GCC_WARN_UNINITIALIZED_AUTOS = YES_AGGRESSIVE;
				GCC_WARN_UNUSED_FUNCTION = YES;
				GCC_WARN_UNUSED_VARIABLE = YES;
				IPHONEOS_DEPLOYMENT_TARGET = 17.5;
				LOCALIZATION_PREFERS_STRING_CATALOGS = YES;
				MTL_ENABLE_DEBUG_INFO = NO;
				MTL_FAST_MATH = YES;
				SDKROOT = iphoneos;
				SWIFT_COMPILATION_MODE = wholemodule;
				VALIDATE_PRODUCT = YES;
			};
			name = Release;
		};
		956069E12C8F8348005EC85B /* Debug */ = {
			isa = XCBuildConfiguration;
			buildSettings = {
				ASSETCATALOG_COMPILER_APPICON_NAME = AppIcon;
				ASSETCATALOG_COMPILER_GLOBAL_ACCENT_COLOR_NAME = AccentColor;
				CODE_SIGN_STYLE = Automatic;
				CURRENT_PROJECT_VERSION = 1;
				DEVELOPMENT_ASSET_PATHS = "\"Vacation/Preview Content\"";
				ENABLE_PREVIEWS = YES;
				GENERATE_INFOPLIST_FILE = YES;
				INFOPLIST_KEY_UIApplicationSceneManifest_Generation = YES;
				INFOPLIST_KEY_UIApplicationSupportsIndirectInputEvents = YES;
				INFOPLIST_KEY_UILaunchScreen_Generation = YES;
				INFOPLIST_KEY_UISupportedInterfaceOrientations_iPad = "UIInterfaceOrientationPortrait UIInterfaceOrientationPortraitUpsideDown UIInterfaceOrientationLandscapeLeft UIInterfaceOrientationLandscapeRight";
				INFOPLIST_KEY_UISupportedInterfaceOrientations_iPhone = "UIInterfaceOrientationPortrait UIInterfaceOrientationLandscapeLeft UIInterfaceOrientationLandscapeRight";
				LD_RUNPATH_SEARCH_PATHS = (
					"$(inherited)",
					"@executable_path/Frameworks",
				);
				MARKETING_VERSION = 1.0;
				PRODUCT_BUNDLE_IDENTIFIER = Marti.Vacation;
				PRODUCT_NAME = "$(TARGET_NAME)";
				SWIFT_EMIT_LOC_STRINGS = YES;
				SWIFT_VERSION = 5.0;
				TARGETED_DEVICE_FAMILY = "1,2";
			};
			name = Debug;
		};
		956069E22C8F8348005EC85B /* Release */ = {
			isa = XCBuildConfiguration;
			buildSettings = {
				ASSETCATALOG_COMPILER_APPICON_NAME = AppIcon;
				ASSETCATALOG_COMPILER_GLOBAL_ACCENT_COLOR_NAME = AccentColor;
				CODE_SIGN_STYLE = Automatic;
				CURRENT_PROJECT_VERSION = 1;
				DEVELOPMENT_ASSET_PATHS = "\"Vacation/Preview Content\"";
				ENABLE_PREVIEWS = YES;
				GENERATE_INFOPLIST_FILE = YES;
				INFOPLIST_KEY_UIApplicationSceneManifest_Generation = YES;
				INFOPLIST_KEY_UIApplicationSupportsIndirectInputEvents = YES;
				INFOPLIST_KEY_UILaunchScreen_Generation = YES;
				INFOPLIST_KEY_UISupportedInterfaceOrientations_iPad = "UIInterfaceOrientationPortrait UIInterfaceOrientationPortraitUpsideDown UIInterfaceOrientationLandscapeLeft UIInterfaceOrientationLandscapeRight";
				INFOPLIST_KEY_UISupportedInterfaceOrientations_iPhone = "UIInterfaceOrientationPortrait UIInterfaceOrientationLandscapeLeft UIInterfaceOrientationLandscapeRight";
				LD_RUNPATH_SEARCH_PATHS = (
					"$(inherited)",
					"@executable_path/Frameworks",
				);
				MARKETING_VERSION = 1.0;
				PRODUCT_BUNDLE_IDENTIFIER = Marti.Vacation;
				PRODUCT_NAME = "$(TARGET_NAME)";
				SWIFT_EMIT_LOC_STRINGS = YES;
				SWIFT_VERSION = 5.0;
				TARGETED_DEVICE_FAMILY = "1,2";
			};
			name = Release;
		};
		956069E42C8F8348005EC85B /* Debug */ = {
			isa = XCBuildConfiguration;
			buildSettings = {
				ALWAYS_EMBED_SWIFT_STANDARD_LIBRARIES = YES;
				BUNDLE_LOADER = "$(TEST_HOST)";
				CODE_SIGN_STYLE = Automatic;
				CURRENT_PROJECT_VERSION = 1;
				GENERATE_INFOPLIST_FILE = YES;
				IPHONEOS_DEPLOYMENT_TARGET = 17.5;
				MARKETING_VERSION = 1.0;
				PRODUCT_BUNDLE_IDENTIFIER = Marti.VacationTests;
				PRODUCT_NAME = "$(TARGET_NAME)";
				SWIFT_EMIT_LOC_STRINGS = NO;
				SWIFT_VERSION = 5.0;
				TARGETED_DEVICE_FAMILY = "1,2";
				TEST_HOST = "$(BUILT_PRODUCTS_DIR)/Vacation.app/$(BUNDLE_EXECUTABLE_FOLDER_PATH)/Vacation";
			};
			name = Debug;
		};
		956069E52C8F8348005EC85B /* Release */ = {
			isa = XCBuildConfiguration;
			buildSettings = {
				ALWAYS_EMBED_SWIFT_STANDARD_LIBRARIES = YES;
				BUNDLE_LOADER = "$(TEST_HOST)";
				CODE_SIGN_STYLE = Automatic;
				CURRENT_PROJECT_VERSION = 1;
				GENERATE_INFOPLIST_FILE = YES;
				IPHONEOS_DEPLOYMENT_TARGET = 17.5;
				MARKETING_VERSION = 1.0;
				PRODUCT_BUNDLE_IDENTIFIER = Marti.VacationTests;
				PRODUCT_NAME = "$(TARGET_NAME)";
				SWIFT_EMIT_LOC_STRINGS = NO;
				SWIFT_VERSION = 5.0;
				TARGETED_DEVICE_FAMILY = "1,2";
				TEST_HOST = "$(BUILT_PRODUCTS_DIR)/Vacation.app/$(BUNDLE_EXECUTABLE_FOLDER_PATH)/Vacation";
			};
			name = Release;
		};
		956069E72C8F8348005EC85B /* Debug */ = {
			isa = XCBuildConfiguration;
			buildSettings = {
				ALWAYS_EMBED_SWIFT_STANDARD_LIBRARIES = YES;
				CODE_SIGN_STYLE = Automatic;
				CURRENT_PROJECT_VERSION = 1;
				GENERATE_INFOPLIST_FILE = YES;
				MARKETING_VERSION = 1.0;
				PRODUCT_BUNDLE_IDENTIFIER = Marti.VacationUITests;
				PRODUCT_NAME = "$(TARGET_NAME)";
				SWIFT_EMIT_LOC_STRINGS = NO;
				SWIFT_VERSION = 5.0;
				TARGETED_DEVICE_FAMILY = "1,2";
				TEST_TARGET_NAME = Vacation;
			};
			name = Debug;
		};
		956069E82C8F8348005EC85B /* Release */ = {
			isa = XCBuildConfiguration;
			buildSettings = {
				ALWAYS_EMBED_SWIFT_STANDARD_LIBRARIES = YES;
				CODE_SIGN_STYLE = Automatic;
				CURRENT_PROJECT_VERSION = 1;
				GENERATE_INFOPLIST_FILE = YES;
				MARKETING_VERSION = 1.0;
				PRODUCT_BUNDLE_IDENTIFIER = Marti.VacationUITests;
				PRODUCT_NAME = "$(TARGET_NAME)";
				SWIFT_EMIT_LOC_STRINGS = NO;
				SWIFT_VERSION = 5.0;
				TARGETED_DEVICE_FAMILY = "1,2";
				TEST_TARGET_NAME = Vacation;
			};
			name = Release;
		};
/* End XCBuildConfiguration section */

/* Begin XCConfigurationList section */
		956069B72C8F8347005EC85B /* Build configuration list for PBXProject "Vacation" */ = {
			isa = XCConfigurationList;
			buildConfigurations = (
				956069DE2C8F8348005EC85B /* Debug */,
				956069DF2C8F8348005EC85B /* Release */,
			);
			defaultConfigurationIsVisible = 0;
			defaultConfigurationName = Release;
		};
		956069E02C8F8348005EC85B /* Build configuration list for PBXNativeTarget "Vacation" */ = {
			isa = XCConfigurationList;
			buildConfigurations = (
				956069E12C8F8348005EC85B /* Debug */,
				956069E22C8F8348005EC85B /* Release */,
			);
			defaultConfigurationIsVisible = 0;
			defaultConfigurationName = Release;
		};
		956069E32C8F8348005EC85B /* Build configuration list for PBXNativeTarget "VacationTests" */ = {
			isa = XCConfigurationList;
			buildConfigurations = (
				956069E42C8F8348005EC85B /* Debug */,
				956069E52C8F8348005EC85B /* Release */,
			);
			defaultConfigurationIsVisible = 0;
			defaultConfigurationName = Release;
		};
		956069E62C8F8348005EC85B /* Build configuration list for PBXNativeTarget "VacationUITests" */ = {
			isa = XCConfigurationList;
			buildConfigurations = (
				956069E72C8F8348005EC85B /* Debug */,
				956069E82C8F8348005EC85B /* Release */,
			);
			defaultConfigurationIsVisible = 0;
			defaultConfigurationName = Release;
		};
/* End XCConfigurationList section */
	};
	rootObject = 956069B42C8F8347005EC85B /* Project object */;
}
